
Microsoft Visual Studio Solution File, Format Version 12.00
# Visual Studio 15
VisualStudioVersion = 15.0.28307.1022
MinimumVisualStudioVersion = 10.0.40219.1
Project("{FAE04EC0-301F-11D3-BF4B-00C04F79EFBC}") = "AchronPatcher", "AchronPatcher\AchronPatcher.csproj", "{53100517-7422-4A1C-8E9D-3177AF13D989}"
EndProject
Global
	GlobalSection(SolutionConfigurationPlatforms) = preSolution
		Debug|Any CPU = Debug|Any CPU
		Release|Any CPU = Release|Any CPU
	EndGlobalSection
	GlobalSection(ProjectConfigurationPlatforms) = postSolution
		{53100517-7422-4A1C-8E9D-3177AF13D989}.Debug|Any CPU.ActiveCfg = Debug|Any CPU
		{53100517-7422-4A1C-8E9D-3177AF13D989}.Debug|Any CPU.Build.0 = Debug|Any CPU
		{53100517-7422-4A1C-8E9D-3177AF13D989}.Release|Any CPU.ActiveCfg = Release|Any CPU
		{53100517-7422-4A1C-8E9D-3177AF13D989}.Release|Any CPU.Build.0 = Release|Any CPU
	EndGlobalSection
	GlobalSection(SolutionProperties) = preSolution
		HideSolutionNode = FALSE
	EndGlobalSection
	GlobalSection(ExtensibilityGlobals) = postSolution
		SolutionGuid = {A4B58C09-97A5-4721-8955-8E43550CAE19}
	EndGlobalSection
EndGlobal
